// !$*UTF8*$!
{
	archiveVersion = 1;
	classes = {
	};
	objectVersion = 55;
	objects = {

/* Begin PBXBuildFile section */
		925E4A1A27B070B70073E868 /* WTrackerAppApp.swift in Sources */ = {isa = PBXBuildFile; fileRef = 925E4A1927B070B70073E868 /* WTrackerAppApp.swift */; };
		925E4A1C27B070B70073E868 /* ContentView.swift in Sources */ = {isa = PBXBuildFile; fileRef = 925E4A1B27B070B70073E868 /* ContentView.swift */; };
		925E4A1E27B070B80073E868 /* Assets.xcassets in Resources */ = {isa = PBXBuildFile; fileRef = 925E4A1D27B070B80073E868 /* Assets.xcassets */; };
		925E4A2127B070B80073E868 /* Preview Assets.xcassets in Resources */ = {isa = PBXBuildFile; fileRef = 925E4A2027B070B80073E868 /* Preview Assets.xcassets */; };
		925E4A2B27B070B80073E868 /* WTrackerAppTests.swift in Sources */ = {isa = PBXBuildFile; fileRef = 925E4A2A27B070B80073E868 /* WTrackerAppTests.swift */; };
		925E4A3527B070B80073E868 /* WTrackerAppUITests.swift in Sources */ = {isa = PBXBuildFile; fileRef = 925E4A3427B070B80073E868 /* WTrackerAppUITests.swift */; };
		925E4A3727B070B80073E868 /* WTrackerAppUITestsLaunchTests.swift in Sources */ = {isa = PBXBuildFile; fileRef = 925E4A3627B070B80073E868 /* WTrackerAppUITestsLaunchTests.swift */; };
/* End PBXBuildFile section */

/* Begin PBXContainerItemProxy section */
		925E4A2727B070B80073E868 /* PBXContainerItemProxy */ = {
			isa = PBXContainerItemProxy;
			containerPortal = 925E4A0E27B070B70073E868 /* Project object */;
			proxyType = 1;
			remoteGlobalIDString = 925E4A1527B070B70073E868;
			remoteInfo = WTrackerApp;
		};
		925E4A3127B070B80073E868 /* PBXContainerItemProxy */ = {
			isa = PBXContainerItemProxy;
			containerPortal = 925E4A0E27B070B70073E868 /* Project object */;
			proxyType = 1;
			remoteGlobalIDString = 925E4A1527B070B70073E868;
			remoteInfo = WTrackerApp;
		};
/* End PBXContainerItemProxy section */

/* Begin PBXFileReference section */
		925E4A1627B070B70073E868 /* WTrackerApp.app */ = {isa = PBXFileReference; explicitFileType = wrapper.application; includeInIndex = 0; path = WTrackerApp.app; sourceTree = BUILT_PRODUCTS_DIR; };
		925E4A1927B070B70073E868 /* WTrackerAppApp.swift */ = {isa = PBXFileReference; lastKnownFileType = sourcecode.swift; path = WTrackerAppApp.swift; sourceTree = "<group>"; };
		925E4A1B27B070B70073E868 /* ContentView.swift */ = {isa = PBXFileReference; lastKnownFileType = sourcecode.swift; path = ContentView.swift; sourceTree = "<group>"; };
		925E4A1D27B070B80073E868 /* Assets.xcassets */ = {isa = PBXFileReference; lastKnownFileType = folder.assetcatalog; path = Assets.xcassets; sourceTree = "<group>"; };
		925E4A2027B070B80073E868 /* Preview Assets.xcassets */ = {isa = PBXFileReference; lastKnownFileType = folder.assetcatalog; path = "Preview Assets.xcassets"; sourceTree = "<group>"; };
		925E4A2627B070B80073E868 /* WTrackerAppTests.xctest */ = {isa = PBXFileReference; explicitFileType = wrapper.cfbundle; includeInIndex = 0; path = WTrackerAppTests.xctest; sourceTree = BUILT_PRODUCTS_DIR; };
		925E4A2A27B070B80073E868 /* WTrackerAppTests.swift */ = {isa = PBXFileReference; lastKnownFileType = sourcecode.swift; path = WTrackerAppTests.swift; sourceTree = "<group>"; };
		925E4A3027B070B80073E868 /* WTrackerAppUITests.xctest */ = {isa = PBXFileReference; explicitFileType = wrapper.cfbundle; includeInIndex = 0; path = WTrackerAppUITests.xctest; sourceTree = BUILT_PRODUCTS_DIR; };
		925E4A3427B070B80073E868 /* WTrackerAppUITests.swift */ = {isa = PBXFileReference; lastKnownFileType = sourcecode.swift; path = WTrackerAppUITests.swift; sourceTree = "<group>"; };
		925E4A3627B070B80073E868 /* WTrackerAppUITestsLaunchTests.swift */ = {isa = PBXFileReference; lastKnownFileType = sourcecode.swift; path = WTrackerAppUITestsLaunchTests.swift; sourceTree = "<group>"; };
/* End PBXFileReference section */

/* Begin PBXFrameworksBuildPhase section */
		925E4A1327B070B70073E868 /* Frameworks */ = {
			isa = PBXFrameworksBuildPhase;
			buildActionMask = 2147483647;
			files = (
			);
			runOnlyForDeploymentPostprocessing = 0;
		};
		925E4A2327B070B80073E868 /* Frameworks */ = {
			isa = PBXFrameworksBuildPhase;
			buildActionMask = 2147483647;
			files = (
			);
			runOnlyForDeploymentPostprocessing = 0;
		};
		925E4A2D27B070B80073E868 /* Frameworks */ = {
			isa = PBXFrameworksBuildPhase;
			buildActionMask = 2147483647;
			files = (
			);
			runOnlyForDeploymentPostprocessing = 0;
		};
/* End PBXFrameworksBuildPhase section */

/* Begin PBXGroup section */
		925E4A0D27B070B70073E868 = {
			isa = PBXGroup;
			children = (
				925E4A1827B070B70073E868 /* WTrackerApp */,
				925E4A2927B070B80073E868 /* WTrackerAppTests */,
				925E4A3327B070B80073E868 /* WTrackerAppUITests */,
				925E4A1727B070B70073E868 /* Products */,
			);
			sourceTree = "<group>";
		};
		925E4A1727B070B70073E868 /* Products */ = {
			isa = PBXGroup;
			children = (
				925E4A1627B070B70073E868 /* WTrackerApp.app */,
				925E4A2627B070B80073E868 /* WTrackerAppTests.xctest */,
				925E4A3027B070B80073E868 /* WTrackerAppUITests.xctest */,
			);
			name = Products;
			sourceTree = "<group>";
		};
		925E4A1827B070B70073E868 /* WTrackerApp */ = {
			isa = PBXGroup;
			children = (
				925E4A1927B070B70073E868 /* WTrackerAppApp.swift */,
				925E4A1B27B070B70073E868 /* ContentView.swift */,
				925E4A1D27B070B80073E868 /* Assets.xcassets */,
				925E4A1F27B070B80073E868 /* Preview Content */,
			);
			path = WTrackerApp;
			sourceTree = "<group>";
		};
		925E4A1F27B070B80073E868 /* Preview Content */ = {
			isa = PBXGroup;
			children = (
				925E4A2027B070B80073E868 /* Preview Assets.xcassets */,
			);
			path = "Preview Content";
			sourceTree = "<group>";
		};
		925E4A2927B070B80073E868 /* WTrackerAppTests */ = {
			isa = PBXGroup;
			children = (
				925E4A2A27B070B80073E868 /* WTrackerAppTests.swift */,
			);
			path = WTrackerAppTests;
			sourceTree = "<group>";
		};
		925E4A3327B070B80073E868 /* WTrackerAppUITests */ = {
			isa = PBXGroup;
			children = (
				925E4A3427B070B80073E868 /* WTrackerAppUITests.swift */,
				925E4A3627B070B80073E868 /* WTrackerAppUITestsLaunchTests.swift */,
			);
			path = WTrackerAppUITests;
			sourceTree = "<group>";
		};
/* End PBXGroup section */

/* Begin PBXNativeTarget section */
		925E4A1527B070B70073E868 /* WTrackerApp */ = {
			isa = PBXNativeTarget;
			buildConfigurationList = 925E4A3A27B070B80073E868 /* Build configuration list for PBXNativeTarget "WTrackerApp" */;
			buildPhases = (
				925E4A1227B070B70073E868 /* Sources */,
				925E4A1327B070B70073E868 /* Frameworks */,
				925E4A1427B070B70073E868 /* Resources */,
			);
			buildRules = (
			);
			dependencies = (
			);
			name = WTrackerApp;
			productName = WTrackerApp;
			productReference = 925E4A1627B070B70073E868 /* WTrackerApp.app */;
			productType = "com.apple.product-type.application";
		};
		925E4A2527B070B80073E868 /* WTrackerAppTests */ = {
			isa = PBXNativeTarget;
			buildConfigurationList = 925E4A3D27B070B80073E868 /* Build configuration list for PBXNativeTarget "WTrackerAppTests" */;
			buildPhases = (
				925E4A2227B070B80073E868 /* Sources */,
				925E4A2327B070B80073E868 /* Frameworks */,
				925E4A2427B070B80073E868 /* Resources */,
			);
			buildRules = (
			);
			dependencies = (
				925E4A2827B070B80073E868 /* PBXTargetDependency */,
			);
			name = WTrackerAppTests;
			productName = WTrackerAppTests;
			productReference = 925E4A2627B070B80073E868 /* WTrackerAppTests.xctest */;
			productType = "com.apple.product-type.bundle.unit-test";
		};
		925E4A2F27B070B80073E868 /* WTrackerAppUITests */ = {
			isa = PBXNativeTarget;
			buildConfigurationList = 925E4A4027B070B80073E868 /* Build configuration list for PBXNativeTarget "WTrackerAppUITests" */;
			buildPhases = (
				925E4A2C27B070B80073E868 /* Sources */,
				925E4A2D27B070B80073E868 /* Frameworks */,
				925E4A2E27B070B80073E868 /* Resources */,
			);
			buildRules = (
			);
			dependencies = (
				925E4A3227B070B80073E868 /* PBXTargetDependency */,
			);
			name = WTrackerAppUITests;
			productName = WTrackerAppUITests;
			productReference = 925E4A3027B070B80073E868 /* WTrackerAppUITests.xctest */;
			productType = "com.apple.product-type.bundle.ui-testing";
		};
/* End PBXNativeTarget section */

/* Begin PBXProject section */
		925E4A0E27B070B70073E868 /* Project object */ = {
			isa = PBXProject;
			attributes = {
				BuildIndependentTargetsInParallel = 1;
				LastSwiftUpdateCheck = 1320;
				LastUpgradeCheck = 1320;
				TargetAttributes = {
					925E4A1527B070B70073E868 = {
						CreatedOnToolsVersion = 13.2.1;
					};
					925E4A2527B070B80073E868 = {
						CreatedOnToolsVersion = 13.2.1;
						TestTargetID = 925E4A1527B070B70073E868;
					};
					925E4A2F27B070B80073E868 = {
						CreatedOnToolsVersion = 13.2.1;
						TestTargetID = 925E4A1527B070B70073E868;
					};
				};
			};
			buildConfigurationList = 925E4A1127B070B70073E868 /* Build configuration list for PBXProject "WTrackerApp" */;
			compatibilityVersion = "Xcode 13.0";
			developmentRegion = en;
			hasScannedForEncodings = 0;
			knownRegions = (
				en,
				Base,
			);
			mainGroup = 925E4A0D27B070B70073E868;
			productRefGroup = 925E4A1727B070B70073E868 /* Products */;
			projectDirPath = "";
			projectRoot = "";
			targets = (
				925E4A1527B070B70073E868 /* WTrackerApp */,
				925E4A2527B070B80073E868 /* WTrackerAppTests */,
				925E4A2F27B070B80073E868 /* WTrackerAppUITests */,
			);
		};
/* End PBXProject section */

/* Begin PBXResourcesBuildPhase section */
		925E4A1427B070B70073E868 /* Resources */ = {
			isa = PBXResourcesBuildPhase;
			buildActionMask = 2147483647;
			files = (
				925E4A2127B070B80073E868 /* Preview Assets.xcassets in Resources */,
				925E4A1E27B070B80073E868 /* Assets.xcassets in Resources */,
			);
			runOnlyForDeploymentPostprocessing = 0;
		};
		925E4A2427B070B80073E868 /* Resources */ = {
			isa = PBXResourcesBuildPhase;
			buildActionMask = 2147483647;
			files = (
			);
			runOnlyForDeploymentPostprocessing = 0;
		};
		925E4A2E27B070B80073E868 /* Resources */ = {
			isa = PBXResourcesBuildPhase;
			buildActionMask = 2147483647;
			files = (
			);
			runOnlyForDeploymentPostprocessing = 0;
		};
/* End PBXResourcesBuildPhase section */

/* Begin PBXSourcesBuildPhase section */
		925E4A1227B070B70073E868 /* Sources */ = {
			isa = PBXSourcesBuildPhase;
			buildActionMask = 2147483647;
			files = (
				925E4A1C27B070B70073E868 /* ContentView.swift in Sources */,
				925E4A1A27B070B70073E868 /* WTrackerAppApp.swift in Sources */,
			);
			runOnlyForDeploymentPostprocessing = 0;
		};
		925E4A2227B070B80073E868 /* Sources */ = {
			isa = PBXSourcesBuildPhase;
			buildActionMask = 2147483647;
			files = (
				925E4A2B27B070B80073E868 /* WTrackerAppTests.swift in Sources */,
			);
			runOnlyForDeploymentPostprocessing = 0;
		};
		925E4A2C27B070B80073E868 /* Sources */ = {
			isa = PBXSourcesBuildPhase;
			buildActionMask = 2147483647;
			files = (
				925E4A3527B070B80073E868 /* WTrackerAppUITests.swift in Sources */,
				925E4A3727B070B80073E868 /* WTrackerAppUITestsLaunchTests.swift in Sources */,
			);
			runOnlyForDeploymentPostprocessing = 0;
		};
/* End PBXSourcesBuildPhase section */

/* Begin PBXTargetDependency section */
		925E4A2827B070B80073E868 /* PBXTargetDependency */ = {
			isa = PBXTargetDependency;
			target = 925E4A1527B070B70073E868 /* WTrackerApp */;
			targetProxy = 925E4A2727B070B80073E868 /* PBXContainerItemProxy */;
		};
		925E4A3227B070B80073E868 /* PBXTargetDependency */ = {
			isa = PBXTargetDependency;
			target = 925E4A1527B070B70073E868 /* WTrackerApp */;
			targetProxy = 925E4A3127B070B80073E868 /* PBXContainerItemProxy */;
		};
/* End PBXTargetDependency section */

/* Begin XCBuildConfiguration section */
		925E4A3827B070B80073E868 /* Debug */ = {
			isa = XCBuildConfiguration;
			buildSettings = {
				ALWAYS_SEARCH_USER_PATHS = NO;
				CLANG_ANALYZER_NONNULL = YES;
				CLANG_ANALYZER_NUMBER_OBJECT_CONVERSION = YES_AGGRESSIVE;
				CLANG_CXX_LANGUAGE_STANDARD = "gnu++17";
				CLANG_CXX_LIBRARY = "libc++";
				CLANG_ENABLE_MODULES = YES;
				CLANG_ENABLE_OBJC_ARC = YES;
				CLANG_ENABLE_OBJC_WEAK = YES;
				CLANG_WARN_BLOCK_CAPTURE_AUTORELEASING = YES;
				CLANG_WARN_BOOL_CONVERSION = YES;
				CLANG_WARN_COMMA = YES;
				CLANG_WARN_CONSTANT_CONVERSION = YES;
				CLANG_WARN_DEPRECATED_OBJC_IMPLEMENTATIONS = YES;
				CLANG_WARN_DIRECT_OBJC_ISA_USAGE = YES_ERROR;
				CLANG_WARN_DOCUMENTATION_COMMENTS = YES;
				CLANG_WARN_EMPTY_BODY = YES;
				CLANG_WARN_ENUM_CONVERSION = YES;
				CLANG_WARN_INFINITE_RECURSION = YES;
				CLANG_WARN_INT_CONVERSION = YES;
				CLANG_WARN_NON_LITERAL_NULL_CONVERSION = YES;
				CLANG_WARN_OBJC_IMPLICIT_RETAIN_SELF = YES;
				CLANG_WARN_OBJC_LITERAL_CONVERSION = YES;
				CLANG_WARN_OBJC_ROOT_CLASS = YES_ERROR;
				CLANG_WARN_QUOTED_INCLUDE_IN_FRAMEWORK_HEADER = YES;
				CLANG_WARN_RANGE_LOOP_ANALYSIS = YES;
				CLANG_WARN_STRICT_PROTOTYPES = YES;
				CLANG_WARN_SUSPICIOUS_MOVE = YES;
				CLANG_WARN_UNGUARDED_AVAILABILITY = YES_AGGRESSIVE;
				CLANG_WARN_UNREACHABLE_CODE = YES;
				CLANG_WARN__DUPLICATE_METHOD_MATCH = YES;
				COPY_PHASE_STRIP = NO;
				DEBUG_INFORMATION_FORMAT = dwarf;
				ENABLE_STRICT_OBJC_MSGSEND = YES;
				ENABLE_TESTABILITY = YES;
				GCC_C_LANGUAGE_STANDARD = gnu11;
				GCC_DYNAMIC_NO_PIC = NO;
				GCC_NO_COMMON_BLOCKS = YES;
				GCC_OPTIMIZATION_LEVEL = 0;
				GCC_PREPROCESSOR_DEFINITIONS = (
					"DEBUG=1",
					"$(inherited)",
				);
				GCC_WARN_64_TO_32_BIT_CONVERSION = YES;
				GCC_WARN_ABOUT_RETURN_TYPE = YES_ERROR;
				GCC_WARN_UNDECLARED_SELECTOR = YES;
				GCC_WARN_UNINITIALIZED_AUTOS = YES_AGGRESSIVE;
				GCC_WARN_UNUSED_FUNCTION = YES;
				GCC_WARN_UNUSED_VARIABLE = YES;
				IPHONEOS_DEPLOYMENT_TARGET = 15.2;
				MTL_ENABLE_DEBUG_INFO = INCLUDE_SOURCE;
				MTL_FAST_MATH = YES;
				ONLY_ACTIVE_ARCH = YES;
				SDKROOT = iphoneos;
				SWIFT_ACTIVE_COMPILATION_CONDITIONS = DEBUG;
				SWIFT_OPTIMIZATION_LEVEL = "-Onone";
			};
			name = Debug;
		};
		925E4A3927B070B80073E868 /* Release */ = {
			isa = XCBuildConfiguration;
			buildSettings = {
				ALWAYS_SEARCH_USER_PATHS = NO;
				CLANG_ANALYZER_NONNULL = YES;
				CLANG_ANALYZER_NUMBER_OBJECT_CONVERSION = YES_AGGRESSIVE;
				CLANG_CXX_LANGUAGE_STANDARD = "gnu++17";
				CLANG_CXX_LIBRARY = "libc++";
				CLANG_ENABLE_MODULES = YES;
				CLANG_ENABLE_OBJC_ARC = YES;
				CLANG_ENABLE_OBJC_WEAK = YES;
				CLANG_WARN_BLOCK_CAPTURE_AUTORELEASING = YES;
				CLANG_WARN_BOOL_CONVERSION = YES;
				CLANG_WARN_COMMA = YES;
				CLANG_WARN_CONSTANT_CONVERSION = YES;
				CLANG_WARN_DEPRECATED_OBJC_IMPLEMENTATIONS = YES;
				CLANG_WARN_DIRECT_OBJC_ISA_USAGE = YES_ERROR;
				CLANG_WARN_DOCUMENTATION_COMMENTS = YES;
				CLANG_WARN_EMPTY_BODY = YES;
				CLANG_WARN_ENUM_CONVERSION = YES;
				CLANG_WARN_INFINITE_RECURSION = YES;
				CLANG_WARN_INT_CONVERSION = YES;
				CLANG_WARN_NON_LITERAL_NULL_CONVERSION = YES;
				CLANG_WARN_OBJC_IMPLICIT_RETAIN_SELF = YES;
				CLANG_WARN_OBJC_LITERAL_CONVERSION = YES;
				CLANG_WARN_OBJC_ROOT_CLASS = YES_ERROR;
				CLANG_WARN_QUOTED_INCLUDE_IN_FRAMEWORK_HEADER = YES;
				CLANG_WARN_RANGE_LOOP_ANALYSIS = YES;
				CLANG_WARN_STRICT_PROTOTYPES = YES;
				CLANG_WARN_SUSPICIOUS_MOVE = YES;
				CLANG_WARN_UNGUARDED_AVAILABILITY = YES_AGGRESSIVE;
				CLANG_WARN_UNREACHABLE_CODE = YES;
				CLANG_WARN__DUPLICATE_METHOD_MATCH = YES;
				COPY_PHASE_STRIP = NO;
				DEBUG_INFORMATION_FORMAT = "dwarf-with-dsym";
				ENABLE_NS_ASSERTIONS = NO;
				ENABLE_STRICT_OBJC_MSGSEND = YES;
				GCC_C_LANGUAGE_STANDARD = gnu11;
				GCC_NO_COMMON_BLOCKS = YES;
				GCC_WARN_64_TO_32_BIT_CONVERSION = YES;
				GCC_WARN_ABOUT_RETURN_TYPE = YES_ERROR;
				GCC_WARN_UNDECLARED_SELECTOR = YES;
				GCC_WARN_UNINITIALIZED_AUTOS = YES_AGGRESSIVE;
				GCC_WARN_UNUSED_FUNCTION = YES;
				GCC_WARN_UNUSED_VARIABLE = YES;
				IPHONEOS_DEPLOYMENT_TARGET = 15.2;
				MTL_ENABLE_DEBUG_INFO = NO;
				MTL_FAST_MATH = YES;
				SDKROOT = iphoneos;
				SWIFT_COMPILATION_MODE = wholemodule;
				SWIFT_OPTIMIZATION_LEVEL = "-O";
				VALIDATE_PRODUCT = YES;
			};
			name = Release;
		};
		925E4A3B27B070B80073E868 /* Debug */ = {
			isa = XCBuildConfiguration;
			buildSettings = {
				ASSETCATALOG_COMPILER_APPICON_NAME = AppIcon;
				ASSETCATALOG_COMPILER_GLOBAL_ACCENT_COLOR_NAME = AccentColor;
				CODE_SIGN_STYLE = Automatic;
				CURRENT_PROJECT_VERSION = 1;
				DEVELOPMENT_ASSET_PATHS = "\"WTrackerApp/Preview Content\"";
				DEVELOPMENT_TEAM = U3P7LM8SYZ;
				ENABLE_PREVIEWS = YES;
				GENERATE_INFOPLIST_FILE = YES;
				INFOPLIST_KEY_UIApplicationSceneManifest_Generation = YES;
				INFOPLIST_KEY_UIApplicationSupportsIndirectInputEvents = YES;
				INFOPLIST_KEY_UILaunchScreen_Generation = YES;
				INFOPLIST_KEY_UISupportedInterfaceOrientations_iPad = "UIInterfaceOrientationPortrait UIInterfaceOrientationPortraitUpsideDown UIInterfaceOrientationLandscapeLeft UIInterfaceOrientationLandscapeRight";
				INFOPLIST_KEY_UISupportedInterfaceOrientations_iPhone = "UIInterfaceOrientationPortrait UIInterfaceOrientationLandscapeLeft UIInterfaceOrientationLandscapeRight";
				LD_RUNPATH_SEARCH_PATHS = (
					"$(inherited)",
					"@executable_path/Frameworks",
				);
				MARKETING_VERSION = 1.0;
				PRODUCT_BUNDLE_IDENTIFIER = BH.WTrackerApp;
				PRODUCT_NAME = "$(TARGET_NAME)";
				SWIFT_EMIT_LOC_STRINGS = YES;
				SWIFT_VERSION = 5.0;
				TARGETED_DEVICE_FAMILY = "1,2";
			};
			name = Debug;
		};
		925E4A3C27B070B80073E868 /* Release */ = {
			isa = XCBuildConfiguration;
			buildSettings = {
				ASSETCATALOG_COMPILER_APPICON_NAME = AppIcon;
				ASSETCATALOG_COMPILER_GLOBAL_ACCENT_COLOR_NAME = AccentColor;
				CODE_SIGN_STYLE = Automatic;
				CURRENT_PROJECT_VERSION = 1;
				DEVELOPMENT_ASSET_PATHS = "\"WTrackerApp/Preview Content\"";
				DEVELOPMENT_TEAM = U3P7LM8SYZ;
				ENABLE_PREVIEWS = YES;
				GENERATE_INFOPLIST_FILE = YES;
				INFOPLIST_KEY_UIApplicationSceneManifest_Generation = YES;
				INFOPLIST_KEY_UIApplicationSupportsIndirectInputEvents = YES;
				INFOPLIST_KEY_UILaunchScreen_Generation = YES;
				INFOPLIST_KEY_UISupportedInterfaceOrientations_iPad = "UIInterfaceOrientationPortrait UIInterfaceOrientationPortraitUpsideDown UIInterfaceOrientationLandscapeLeft UIInterfaceOrientationLandscapeRight";
				INFOPLIST_KEY_UISupportedInterfaceOrientations_iPhone = "UIInterfaceOrientationPortrait UIInterfaceOrientationLandscapeLeft UIInterfaceOrientationLandscapeRight";
				LD_RUNPATH_SEARCH_PATHS = (
					"$(inherited)",
					"@executable_path/Frameworks",
				);
				MARKETING_VERSION = 1.0;
				PRODUCT_BUNDLE_IDENTIFIER = BH.WTrackerApp;
				PRODUCT_NAME = "$(TARGET_NAME)";
				SWIFT_EMIT_LOC_STRINGS = YES;
				SWIFT_VERSION = 5.0;
				TARGETED_DEVICE_FAMILY = "1,2";
			};
			name = Release;
		};
		925E4A3E27B070B80073E868 /* Debug */ = {
			isa = XCBuildConfiguration;
			buildSettings = {
				ALWAYS_EMBED_SWIFT_STANDARD_LIBRARIES = YES;
				BUNDLE_LOADER = "$(TEST_HOST)";
				CODE_SIGN_STYLE = Automatic;
				CURRENT_PROJECT_VERSION = 1;
				DEVELOPMENT_TEAM = U3P7LM8SYZ;
				GENERATE_INFOPLIST_FILE = YES;
				IPHONEOS_DEPLOYMENT_TARGET = 15.2;
				MARKETING_VERSION = 1.0;
				PRODUCT_BUNDLE_IDENTIFIER = BH.WTrackerAppTests;
				PRODUCT_NAME = "$(TARGET_NAME)";
				SWIFT_EMIT_LOC_STRINGS = NO;
				SWIFT_VERSION = 5.0;
				TARGETED_DEVICE_FAMILY = "1,2";
				TEST_HOST = "$(BUILT_PRODUCTS_DIR)/WTrackerApp.app/WTrackerApp";
			};
			name = Debug;
		};
		925E4A3F27B070B80073E868 /* Release */ = {
			isa = XCBuildConfiguration;
			buildSettings = {
				ALWAYS_EMBED_SWIFT_STANDARD_LIBRARIES = YES;
				BUNDLE_LOADER = "$(TEST_HOST)";
				CODE_SIGN_STYLE = Automatic;
				CURRENT_PROJECT_VERSION = 1;
				DEVELOPMENT_TEAM = U3P7LM8SYZ;
				GENERATE_INFOPLIST_FILE = YES;
				IPHONEOS_DEPLOYMENT_TARGET = 15.2;
				MARKETING_VERSION = 1.0;
				PRODUCT_BUNDLE_IDENTIFIER = BH.WTrackerAppTests;
				PRODUCT_NAME = "$(TARGET_NAME)";
				SWIFT_EMIT_LOC_STRINGS = NO;
				SWIFT_VERSION = 5.0;
				TARGETED_DEVICE_FAMILY = "1,2";
				TEST_HOST = "$(BUILT_PRODUCTS_DIR)/WTrackerApp.app/WTrackerApp";
			};
			name = Release;
		};
		925E4A4127B070B80073E868 /* Debug */ = {
			isa = XCBuildConfiguration;
			buildSettings = {
				ALWAYS_EMBED_SWIFT_STANDARD_LIBRARIES = YES;
				CODE_SIGN_STYLE = Automatic;
				CURRENT_PROJECT_VERSION = 1;
				DEVELOPMENT_TEAM = U3P7LM8SYZ;
				GENERATE_INFOPLIST_FILE = YES;
				MARKETING_VERSION = 1.0;
				PRODUCT_BUNDLE_IDENTIFIER = BH.WTrackerAppUITests;
				PRODUCT_NAME = "$(TARGET_NAME)";
				SWIFT_EMIT_LOC_STRINGS = NO;
				SWIFT_VERSION = 5.0;
				TARGETED_DEVICE_FAMILY = "1,2";
				TEST_TARGET_NAME = WTrackerApp;
			};
			name = Debug;
		};
		925E4A4227B070B80073E868 /* Release */ = {
			isa = XCBuildConfiguration;
			buildSettings = {
				ALWAYS_EMBED_SWIFT_STANDARD_LIBRARIES = YES;
				CODE_SIGN_STYLE = Automatic;
				CURRENT_PROJECT_VERSION = 1;
				DEVELOPMENT_TEAM = U3P7LM8SYZ;
				GENERATE_INFOPLIST_FILE = YES;
				MARKETING_VERSION = 1.0;
				PRODUCT_BUNDLE_IDENTIFIER = BH.WTrackerAppUITests;
				PRODUCT_NAME = "$(TARGET_NAME)";
				SWIFT_EMIT_LOC_STRINGS = NO;
				SWIFT_VERSION = 5.0;
				TARGETED_DEVICE_FAMILY = "1,2";
				TEST_TARGET_NAME = WTrackerApp;
			};
			name = Release;
		};
/* End XCBuildConfiguration section */

/* Begin XCConfigurationList section */
		925E4A1127B070B70073E868 /* Build configuration list for PBXProject "WTrackerApp" */ = {
			isa = XCConfigurationList;
			buildConfigurations = (
				925E4A3827B070B80073E868 /* Debug */,
				925E4A3927B070B80073E868 /* Release */,
			);
			defaultConfigurationIsVisible = 0;
			defaultConfigurationName = Release;
		};
		925E4A3A27B070B80073E868 /* Build configuration list for PBXNativeTarget "WTrackerApp" */ = {
			isa = XCConfigurationList;
			buildConfigurations = (
				925E4A3B27B070B80073E868 /* Debug */,
				925E4A3C27B070B80073E868 /* Release */,
			);
			defaultConfigurationIsVisible = 0;
			defaultConfigurationName = Release;
		};
		925E4A3D27B070B80073E868 /* Build configuration list for PBXNativeTarget "WTrackerAppTests" */ = {
			isa = XCConfigurationList;
			buildConfigurations = (
				925E4A3E27B070B80073E868 /* Debug */,
				925E4A3F27B070B80073E868 /* Release */,
			);
			defaultConfigurationIsVisible = 0;
			defaultConfigurationName = Release;
		};
		925E4A4027B070B80073E868 /* Build configuration list for PBXNativeTarget "WTrackerAppUITests" */ = {
			isa = XCConfigurationList;
			buildConfigurations = (
				925E4A4127B070B80073E868 /* Debug */,
				925E4A4227B070B80073E868 /* Release */,
			);
			defaultConfigurationIsVisible = 0;
			defaultConfigurationName = Release;
		};
/* End XCConfigurationList section */
	};
	rootObject = 925E4A0E27B070B70073E868 /* Project object */;
}
